
Microsoft Visual Studio Solution File, Format Version 12.00
# Visual Studio Version 17
VisualStudioVersion = 17.9.34728.123
MinimumVisualStudioVersion = 10.0.40219.1
Project("{FAE04EC0-301F-11D3-BF4B-00C04F79EFBC}") = "boat", "boat\boat.csproj", "{F6ACC7BC-C7FB-4A32-86D5-B5ECECF149B4}"
EndProject
Project("{FAE04EC0-301F-11D3-BF4B-00C04F79EFBC}") = "TestConsole", "TestConsole\TestConsole.csproj", "{F1204515-C494-4152-B3D3-9EFB8F41A82C}"
EndProject
Global
	GlobalSection(SolutionConfigurationPlatforms) = preSolution
		Debug|Any CPU = Debug|Any CPU
		Release|Any CPU = Release|Any CPU
	EndGlobalSection
	GlobalSection(ProjectConfigurationPlatforms) = postSolution
		{F6ACC7BC-C7FB-4A32-86D5-B5ECECF149B4}.Debug|Any CPU.ActiveCfg = Debug|Any CPU
		{F6ACC7BC-C7FB-4A32-86D5-B5ECECF149B4}.Debug|Any CPU.Build.0 = Debug|Any CPU
		{F6ACC7BC-C7FB-4A32-86D5-B5ECECF149B4}.Release|Any CPU.ActiveCfg = Release|Any CPU
		{F6ACC7BC-C7FB-4A32-86D5-B5ECECF149B4}.Release|Any CPU.Build.0 = Release|Any CPU
		{F1204515-C494-4152-B3D3-9EFB8F41A82C}.Debug|Any CPU.ActiveCfg = Debug|Any CPU
		{F1204515-C494-4152-B3D3-9EFB8F41A82C}.Debug|Any CPU.Build.0 = Debug|Any CPU
		{F1204515-C494-4152-B3D3-9EFB8F41A82C}.Release|Any CPU.ActiveCfg = Release|Any CPU
		{F1204515-C494-4152-B3D3-9EFB8F41A82C}.Release|Any CPU.Build.0 = Release|Any CPU
	EndGlobalSection
	GlobalSection(SolutionProperties) = preSolution
		HideSolutionNode = FALSE
	EndGlobalSection
	GlobalSection(ExtensibilityGlobals) = postSolution
		SolutionGuid = {BEDC9BDA-03C9-45CB-90FA-2D2C20E34699}
	EndGlobalSection
EndGlobal
